
Microsoft Visual Studio Solution File, Format Version 12.00
# Visual Studio Version 16
VisualStudioVersion = 16.0.31624.102
MinimumVisualStudioVersion = 10.0.40219.1
Project("{9A19103F-16F7-4668-BE54-9A1E7A4F7556}") = "Server", "src\Server\Server.csproj", "{8A773B0B-E4B2-4AC9-90C5-5B07DBC71D32}"
EndProject
Project("{9A19103F-16F7-4668-BE54-9A1E7A4F7556}") = "Client", "src\Client\Client.csproj", "{6249CB89-D55B-4C90-877F-B8D81F092523}"
EndProject
Project("{9A19103F-16F7-4668-BE54-9A1E7A4F7556}") = "Core", "src\Core\Core.csproj", "{39E657FF-3AFF-47DC-BB56-853A046D0BB7}"
EndProject
Project("{9A19103F-16F7-4668-BE54-9A1E7A4F7556}") = "UnitTests", "tests\UnitTests\UnitTests.csproj", "{0996B88D-188A-4969-8B6C-D79D2491B633}"
EndProject
Project("{2150E333-8FDC-42A3-9474-1A3956D46DE8}") = "Tests", "Tests", "{15FA1CDD-58E7-4D21-800C-BE5DEDDAB795}"
EndProject
Project("{2150E333-8FDC-42A3-9474-1A3956D46DE8}") = "Srcs", "Srcs", "{88723277-0873-4145-AB6B-99A87A7A3D1D}"
EndProject
Project("{9A19103F-16F7-4668-BE54-9A1E7A4F7556}") = "State", "tests\State\State.csproj", "{66365894-9D13-4A91-AF8A-97503F1EC311}"
EndProject
Project("{9A19103F-16F7-4668-BE54-9A1E7A4F7556}") = "Json", "src\Json\Json.csproj", "{1D2FFE88-FDE1-4382-8148-7630EC25510F}"
EndProject
Project("{2150E333-8FDC-42A3-9474-1A3956D46DE8}") = "Solution Items", "Solution Items", "{BEAE8BE4-29F3-4BCB-81B6-FA7D2AA27B92}"
	ProjectSection(SolutionItems) = preProject
		.gitignore = .gitignore
		coverlet.runsettings = coverlet.runsettings
		LICENSE = LICENSE
		README.md = README.md
	EndProjectSection
EndProject
Project("{2150E333-8FDC-42A3-9474-1A3956D46DE8}") = ".github", ".github", "{435A2C35-79C3-4462-BBE0-B45F367B854C}"
	ProjectSection(SolutionItems) = preProject
		.github\dependabot.yml = .github\dependabot.yml
	EndProjectSection
EndProject
Project("{2150E333-8FDC-42A3-9474-1A3956D46DE8}") = "workflows", "workflows", "{2FD083B0-5168-4420-96DE-6C0883C654A5}"
	ProjectSection(SolutionItems) = preProject
		.github\workflows\codeql-analysis.yml = .github\workflows\codeql-analysis.yml
		.github\workflows\dotnet.yml = .github\workflows\dotnet.yml
	EndProjectSection
EndProject
Project("{2150E333-8FDC-42A3-9474-1A3956D46DE8}") = ".config", ".config", "{341458D1-0000-4126-9C85-8EA0C68AB6A1}"
	ProjectSection(SolutionItems) = preProject
		.config\dotnet-tools.json = .config\dotnet-tools.json
	EndProjectSection
EndProject
Project("{2150E333-8FDC-42A3-9474-1A3956D46DE8}") = "bin", "bin", "{98D70F4B-3ADC-42F9-808D-80CC7222A907}"
EndProject
Project("{2150E333-8FDC-42A3-9474-1A3956D46DE8}") = "ci", "ci", "{470D9D7A-8100-40BF-9FCA-80804A242604}"
EndProject
Project("{2150E333-8FDC-42A3-9474-1A3956D46DE8}") = "dotnet", "dotnet", "{A822B56D-C6E5-44CD-8FFE-1524CF6C6FAB}"
	ProjectSection(SolutionItems) = preProject
		bin\ci\dotnet\build.sh = bin\ci\dotnet\build.sh
		bin\ci\dotnet\restore.sh = bin\ci\dotnet\restore.sh
		bin\ci\dotnet\test.sh = bin\ci\dotnet\test.sh
	EndProjectSection
EndProject
Project("{2150E333-8FDC-42A3-9474-1A3956D46DE8}") = "Networking", "Networking", "{B00E3C4D-DAC4-41FB-87B7-975C3F033636}"
EndProject
Global
	GlobalSection(SolutionConfigurationPlatforms) = preSolution
		Debug|Any CPU = Debug|Any CPU
		Release|Any CPU = Release|Any CPU
	EndGlobalSection
	GlobalSection(ProjectConfigurationPlatforms) = postSolution
		{8A773B0B-E4B2-4AC9-90C5-5B07DBC71D32}.Debug|Any CPU.ActiveCfg = Debug|Any CPU
		{8A773B0B-E4B2-4AC9-90C5-5B07DBC71D32}.Debug|Any CPU.Build.0 = Debug|Any CPU
		{8A773B0B-E4B2-4AC9-90C5-5B07DBC71D32}.Release|Any CPU.ActiveCfg = Release|Any CPU
		{8A773B0B-E4B2-4AC9-90C5-5B07DBC71D32}.Release|Any CPU.Build.0 = Release|Any CPU
		{6249CB89-D55B-4C90-877F-B8D81F092523}.Debug|Any CPU.ActiveCfg = Debug|Any CPU
		{6249CB89-D55B-4C90-877F-B8D81F092523}.Debug|Any CPU.Build.0 = Debug|Any CPU
		{6249CB89-D55B-4C90-877F-B8D81F092523}.Release|Any CPU.ActiveCfg = Release|Any CPU
		{6249CB89-D55B-4C90-877F-B8D81F092523}.Release|Any CPU.Build.0 = Release|Any CPU
		{39E657FF-3AFF-47DC-BB56-853A046D0BB7}.Debug|Any CPU.ActiveCfg = Debug|Any CPU
		{39E657FF-3AFF-47DC-BB56-853A046D0BB7}.Debug|Any CPU.Build.0 = Debug|Any CPU
		{39E657FF-3AFF-47DC-BB56-853A046D0BB7}.Release|Any CPU.ActiveCfg = Release|Any CPU
		{39E657FF-3AFF-47DC-BB56-853A046D0BB7}.Release|Any CPU.Build.0 = Release|Any CPU
		{0996B88D-188A-4969-8B6C-D79D2491B633}.Debug|Any CPU.ActiveCfg = Debug|Any CPU
		{0996B88D-188A-4969-8B6C-D79D2491B633}.Debug|Any CPU.Build.0 = Debug|Any CPU
		{0996B88D-188A-4969-8B6C-D79D2491B633}.Release|Any CPU.ActiveCfg = Release|Any CPU
		{0996B88D-188A-4969-8B6C-D79D2491B633}.Release|Any CPU.Build.0 = Release|Any CPU
		{66365894-9D13-4A91-AF8A-97503F1EC311}.Debug|Any CPU.ActiveCfg = Debug|Any CPU
		{66365894-9D13-4A91-AF8A-97503F1EC311}.Debug|Any CPU.Build.0 = Debug|Any CPU
		{66365894-9D13-4A91-AF8A-97503F1EC311}.Release|Any CPU.ActiveCfg = Release|Any CPU
		{66365894-9D13-4A91-AF8A-97503F1EC311}.Release|Any CPU.Build.0 = Release|Any CPU
		{1D2FFE88-FDE1-4382-8148-7630EC25510F}.Debug|Any CPU.ActiveCfg = Debug|Any CPU
		{1D2FFE88-FDE1-4382-8148-7630EC25510F}.Debug|Any CPU.Build.0 = Debug|Any CPU
		{1D2FFE88-FDE1-4382-8148-7630EC25510F}.Release|Any CPU.ActiveCfg = Release|Any CPU
		{1D2FFE88-FDE1-4382-8148-7630EC25510F}.Release|Any CPU.Build.0 = Release|Any CPU
	EndGlobalSection
	GlobalSection(SolutionProperties) = preSolution
		HideSolutionNode = FALSE
	EndGlobalSection
	GlobalSection(NestedProjects) = preSolution
		{8A773B0B-E4B2-4AC9-90C5-5B07DBC71D32} = {B00E3C4D-DAC4-41FB-87B7-975C3F033636}
		{6249CB89-D55B-4C90-877F-B8D81F092523} = {B00E3C4D-DAC4-41FB-87B7-975C3F033636}
		{39E657FF-3AFF-47DC-BB56-853A046D0BB7} = {88723277-0873-4145-AB6B-99A87A7A3D1D}
		{0996B88D-188A-4969-8B6C-D79D2491B633} = {15FA1CDD-58E7-4D21-800C-BE5DEDDAB795}
		{66365894-9D13-4A91-AF8A-97503F1EC311} = {15FA1CDD-58E7-4D21-800C-BE5DEDDAB795}
		{1D2FFE88-FDE1-4382-8148-7630EC25510F} = {88723277-0873-4145-AB6B-99A87A7A3D1D}
		{435A2C35-79C3-4462-BBE0-B45F367B854C} = {BEAE8BE4-29F3-4BCB-81B6-FA7D2AA27B92}
		{2FD083B0-5168-4420-96DE-6C0883C654A5} = {435A2C35-79C3-4462-BBE0-B45F367B854C}
		{341458D1-0000-4126-9C85-8EA0C68AB6A1} = {BEAE8BE4-29F3-4BCB-81B6-FA7D2AA27B92}
		{98D70F4B-3ADC-42F9-808D-80CC7222A907} = {BEAE8BE4-29F3-4BCB-81B6-FA7D2AA27B92}
		{470D9D7A-8100-40BF-9FCA-80804A242604} = {98D70F4B-3ADC-42F9-808D-80CC7222A907}
		{A822B56D-C6E5-44CD-8FFE-1524CF6C6FAB} = {470D9D7A-8100-40BF-9FCA-80804A242604}
		{B00E3C4D-DAC4-41FB-87B7-975C3F033636} = {88723277-0873-4145-AB6B-99A87A7A3D1D}
	EndGlobalSection
	GlobalSection(ExtensibilityGlobals) = postSolution
		SolutionGuid = {8D6E1CAE-9A89-4723-88B2-2C24F1185D6C}
	EndGlobalSection
EndGlobal
